
Microsoft Visual Studio Solution File, Format Version 12.00
# Visual Studio Version 17
VisualStudioVersion = 17.1.32421.90
MinimumVisualStudioVersion = 10.0.40219.1
Project("{FAE04EC0-301F-11D3-BF4B-00C04F79EFBC}") = "Uc22_Uc23_AddressBookJSON37", "Uc22_Uc23_AddressBookJSON37.csproj", "{50396ADF-0906-4B4B-84BF-E8CFB0736CE1}"
EndProject
Project("{FAE04EC0-301F-11D3-BF4B-00C04F79EFBC}") = "Test-Uc22_Uc23", "..\Test-Uc22_Uc23\Test-Uc22_Uc23.csproj", "{517B5FDB-09A9-443E-ABC1-4F2CC71262F9}"
EndProject
Global
	GlobalSection(SolutionConfigurationPlatforms) = preSolution
		Debug|Any CPU = Debug|Any CPU
		Release|Any CPU = Release|Any CPU
	EndGlobalSection
	GlobalSection(ProjectConfigurationPlatforms) = postSolution
		{50396ADF-0906-4B4B-84BF-E8CFB0736CE1}.Debug|Any CPU.ActiveCfg = Debug|Any CPU
		{50396ADF-0906-4B4B-84BF-E8CFB0736CE1}.Debug|Any CPU.Build.0 = Debug|Any CPU
		{50396ADF-0906-4B4B-84BF-E8CFB0736CE1}.Release|Any CPU.ActiveCfg = Release|Any CPU
		{50396ADF-0906-4B4B-84BF-E8CFB0736CE1}.Release|Any CPU.Build.0 = Release|Any CPU
		{517B5FDB-09A9-443E-ABC1-4F2CC71262F9}.Debug|Any CPU.ActiveCfg = Debug|Any CPU
		{517B5FDB-09A9-443E-ABC1-4F2CC71262F9}.Debug|Any CPU.Build.0 = Debug|Any CPU
		{517B5FDB-09A9-443E-ABC1-4F2CC71262F9}.Release|Any CPU.ActiveCfg = Release|Any CPU
		{517B5FDB-09A9-443E-ABC1-4F2CC71262F9}.Release|Any CPU.Build.0 = Release|Any CPU
	EndGlobalSection
	GlobalSection(SolutionProperties) = preSolution
		HideSolutionNode = FALSE
	EndGlobalSection
	GlobalSection(ExtensibilityGlobals) = postSolution
		SolutionGuid = {48606D4F-AF12-4CA9-BC4B-6997EC87ED88}
	EndGlobalSection
EndGlobal
